// !$*UTF8*$!
{
	archiveVersion = 1;
	classes = {
	};
	objectVersion = 51;
	objects = {

/* Begin PBXBuildFile section */
		0619403023A8B050001DC735 /* QuestionCellNode.m in Sources */ = {isa = PBXBuildFile; fileRef = 0619402F23A8B050001DC735 /* QuestionCellNode.m */; };
		06A93E3423A858A60056C4E1 /* AppDelegate.m in Sources */ = {isa = PBXBuildFile; fileRef = 06A93E3323A858A60056C4E1 /* AppDelegate.m */; };
		06A93E3F23A858A70056C4E1 /* Assets.xcassets in Resources */ = {isa = PBXBuildFile; fileRef = 06A93E3E23A858A70056C4E1 /* Assets.xcassets */; };
		06A93E4223A858A70056C4E1 /* LaunchScreen.storyboard in Resources */ = {isa = PBXBuildFile; fileRef = 06A93E4023A858A70056C4E1 /* LaunchScreen.storyboard */; };
		06A93E4523A858A70056C4E1 /* main.m in Sources */ = {isa = PBXBuildFile; fileRef = 06A93E4423A858A70056C4E1 /* main.m */; };
		06A93E4F23A868240056C4E1 /* 问卷json模版定义.txt in Resources */ = {isa = PBXBuildFile; fileRef = 06A93E4C23A868240056C4E1 /* 问卷json模版定义.txt */; };
		06A93E5023A868240056C4E1 /* 心内科随访问卷模版.json in Resources */ = {isa = PBXBuildFile; fileRef = 06A93E4D23A868240056C4E1 /* 心内科随访问卷模版.json */; };
		06A93E5123A868240056C4E1 /* 答案.json in Resources */ = {isa = PBXBuildFile; fileRef = 06A93E4E23A868240056C4E1 /* 答案.json */; };
		06A93E5423A86F930056C4E1 /* Question.m in Sources */ = {isa = PBXBuildFile; fileRef = 06A93E5323A86F930056C4E1 /* Question.m */; };
		06A93E5723A8749A0056C4E1 /* Questionnaire.m in Sources */ = {isa = PBXBuildFile; fileRef = 06A93E5623A8749A0056C4E1 /* Questionnaire.m */; };
		06A93E5A23A89E940056C4E1 /* PageController.m in Sources */ = {isa = PBXBuildFile; fileRef = 06A93E5923A89E940056C4E1 /* PageController.m */; };
		06A93E5D23A8A0230056C4E1 /* QuestionController.m in Sources */ = {isa = PBXBuildFile; fileRef = 06A93E5C23A8A0230056C4E1 /* QuestionController.m */; };
		DE5CABC231C5BD635ECB758E /* Pods_QuestionDemo.framework in Frameworks */ = {isa = PBXBuildFile; fileRef = C992D07622652731ACFDDD95 /* Pods_QuestionDemo.framework */; };
/* End PBXBuildFile section */

/* Begin PBXFileReference section */
		0619402E23A8B050001DC735 /* QuestionCellNode.h */ = {isa = PBXFileReference; lastKnownFileType = sourcecode.c.h; path = QuestionCellNode.h; sourceTree = "<group>"; };
		0619402F23A8B050001DC735 /* QuestionCellNode.m */ = {isa = PBXFileReference; lastKnownFileType = sourcecode.c.objc; path = QuestionCellNode.m; sourceTree = "<group>"; };
		06A93E2F23A858A60056C4E1 /* QuestionDemo.app */ = {isa = PBXFileReference; explicitFileType = wrapper.application; includeInIndex = 0; path = QuestionDemo.app; sourceTree = BUILT_PRODUCTS_DIR; };
		06A93E3223A858A60056C4E1 /* AppDelegate.h */ = {isa = PBXFileReference; lastKnownFileType = sourcecode.c.h; path = AppDelegate.h; sourceTree = "<group>"; };
		06A93E3323A858A60056C4E1 /* AppDelegate.m */ = {isa = PBXFileReference; lastKnownFileType = sourcecode.c.objc; path = AppDelegate.m; sourceTree = "<group>"; };
		06A93E3E23A858A70056C4E1 /* Assets.xcassets */ = {isa = PBXFileReference; lastKnownFileType = folder.assetcatalog; path = Assets.xcassets; sourceTree = "<group>"; };
		06A93E4123A858A70056C4E1 /* Base */ = {isa = PBXFileReference; lastKnownFileType = file.storyboard; name = Base; path = Base.lproj/LaunchScreen.storyboard; sourceTree = "<group>"; };
		06A93E4323A858A70056C4E1 /* Info.plist */ = {isa = PBXFileReference; lastKnownFileType = text.plist.xml; path = Info.plist; sourceTree = "<group>"; };
		06A93E4423A858A70056C4E1 /* main.m */ = {isa = PBXFileReference; lastKnownFileType = sourcecode.c.objc; path = main.m; sourceTree = "<group>"; };
		06A93E4C23A868240056C4E1 /* 问卷json模版定义.txt */ = {isa = PBXFileReference; fileEncoding = 4; lastKnownFileType = text; path = "问卷json模版定义.txt"; sourceTree = "<group>"; };
		06A93E4D23A868240056C4E1 /* 心内科随访问卷模版.json */ = {isa = PBXFileReference; fileEncoding = 4; lastKnownFileType = text.json; path = "心内科随访问卷模版.json"; sourceTree = "<group>"; };
		06A93E4E23A868240056C4E1 /* 答案.json */ = {isa = PBXFileReference; fileEncoding = 4; lastKnownFileType = text.json; path = "答案.json"; sourceTree = "<group>"; };
		06A93E5223A86F930056C4E1 /* Question.h */ = {isa = PBXFileReference; lastKnownFileType = sourcecode.c.h; path = Question.h; sourceTree = "<group>"; };
		06A93E5323A86F930056C4E1 /* Question.m */ = {isa = PBXFileReference; lastKnownFileType = sourcecode.c.objc; path = Question.m; sourceTree = "<group>"; };
		06A93E5523A8749A0056C4E1 /* Questionnaire.h */ = {isa = PBXFileReference; lastKnownFileType = sourcecode.c.h; path = Questionnaire.h; sourceTree = "<group>"; };
		06A93E5623A8749A0056C4E1 /* Questionnaire.m */ = {isa = PBXFileReference; lastKnownFileType = sourcecode.c.objc; path = Questionnaire.m; sourceTree = "<group>"; };
		06A93E5823A89E940056C4E1 /* PageController.h */ = {isa = PBXFileReference; lastKnownFileType = sourcecode.c.h; path = PageController.h; sourceTree = "<group>"; };
		06A93E5923A89E940056C4E1 /* PageController.m */ = {isa = PBXFileReference; lastKnownFileType = sourcecode.c.objc; path = PageController.m; sourceTree = "<group>"; };
		06A93E5B23A8A0230056C4E1 /* QuestionController.h */ = {isa = PBXFileReference; lastKnownFileType = sourcecode.c.h; path = QuestionController.h; sourceTree = "<group>"; };
		06A93E5C23A8A0230056C4E1 /* QuestionController.m */ = {isa = PBXFileReference; lastKnownFileType = sourcecode.c.objc; path = QuestionController.m; sourceTree = "<group>"; };
		3503E87E7CC0FC1387E3D473 /* Pods-QuestionDemo.debug.xcconfig */ = {isa = PBXFileReference; includeInIndex = 1; lastKnownFileType = text.xcconfig; name = "Pods-QuestionDemo.debug.xcconfig"; path = "Target Support Files/Pods-QuestionDemo/Pods-QuestionDemo.debug.xcconfig"; sourceTree = "<group>"; };
		C992D07622652731ACFDDD95 /* Pods_QuestionDemo.framework */ = {isa = PBXFileReference; explicitFileType = wrapper.framework; includeInIndex = 0; path = Pods_QuestionDemo.framework; sourceTree = BUILT_PRODUCTS_DIR; };
		E35AA9F1FA5B9F288685EB97 /* Pods-QuestionDemo.release.xcconfig */ = {isa = PBXFileReference; includeInIndex = 1; lastKnownFileType = text.xcconfig; name = "Pods-QuestionDemo.release.xcconfig"; path = "Target Support Files/Pods-QuestionDemo/Pods-QuestionDemo.release.xcconfig"; sourceTree = "<group>"; };
/* End PBXFileReference section */

/* Begin PBXFrameworksBuildPhase section */
		06A93E2C23A858A60056C4E1 /* Frameworks */ = {
			isa = PBXFrameworksBuildPhase;
			buildActionMask = 2147483647;
			files = (
				DE5CABC231C5BD635ECB758E /* Pods_QuestionDemo.framework in Frameworks */,
			);
			runOnlyForDeploymentPostprocessing = 0;
		};
/* End PBXFrameworksBuildPhase section */

/* Begin PBXGroup section */
		0619402D23A8AFCD001DC735 /* View */ = {
			isa = PBXGroup;
			children = (
				0619402E23A8B050001DC735 /* QuestionCellNode.h */,
				0619402F23A8B050001DC735 /* QuestionCellNode.m */,
			);
			path = View;
			sourceTree = "<group>";
		};
		06A93E2623A858A60056C4E1 = {
			isa = PBXGroup;
			children = (
				06A93E3123A858A60056C4E1 /* QuestionDemo */,
				06A93E3023A858A60056C4E1 /* Products */,
				A2ADEF12CF801FCF1BFC3797 /* Pods */,
				96B9CE0F4A80822BB7C6806D /* Frameworks */,
			);
			sourceTree = "<group>";
		};
		06A93E3023A858A60056C4E1 /* Products */ = {
			isa = PBXGroup;
			children = (
				06A93E2F23A858A60056C4E1 /* QuestionDemo.app */,
			);
			name = Products;
			sourceTree = "<group>";
		};
		06A93E3123A858A60056C4E1 /* QuestionDemo */ = {
			isa = PBXGroup;
			children = (
				06A93E4B23A867EC0056C4E1 /* Resources */,
				06A93E3223A858A60056C4E1 /* AppDelegate.h */,
				06A93E3323A858A60056C4E1 /* AppDelegate.m */,
				06A93E5823A89E940056C4E1 /* PageController.h */,
				06A93E5923A89E940056C4E1 /* PageController.m */,
				78E9616E23A91BCC007A7047 /* Model */,
				06A93E5B23A8A0230056C4E1 /* QuestionController.h */,
				06A93E5C23A8A0230056C4E1 /* QuestionController.m */,
				0619402D23A8AFCD001DC735 /* View */,
				06A93E3E23A858A70056C4E1 /* Assets.xcassets */,
				06A93E4023A858A70056C4E1 /* LaunchScreen.storyboard */,
				06A93E4323A858A70056C4E1 /* Info.plist */,
				06A93E4423A858A70056C4E1 /* main.m */,
			);
			path = QuestionDemo;
			sourceTree = "<group>";
		};
		06A93E4B23A867EC0056C4E1 /* Resources */ = {
			isa = PBXGroup;
			children = (
				06A93E4E23A868240056C4E1 /* 答案.json */,
				06A93E4C23A868240056C4E1 /* 问卷json模版定义.txt */,
				06A93E4D23A868240056C4E1 /* 心内科随访问卷模版.json */,
			);
			path = Resources;
			sourceTree = "<group>";
		};
		78E9616E23A91BCC007A7047 /* Model */ = {
			isa = PBXGroup;
			children = (
				06A93E5223A86F930056C4E1 /* Question.h */,
				06A93E5323A86F930056C4E1 /* Question.m */,
				06A93E5523A8749A0056C4E1 /* Questionnaire.h */,
				06A93E5623A8749A0056C4E1 /* Questionnaire.m */,
			);
			path = Model;
			sourceTree = "<group>";
		};
		96B9CE0F4A80822BB7C6806D /* Frameworks */ = {
			isa = PBXGroup;
			children = (
				C992D07622652731ACFDDD95 /* Pods_QuestionDemo.framework */,
			);
			name = Frameworks;
			sourceTree = "<group>";
		};
		A2ADEF12CF801FCF1BFC3797 /* Pods */ = {
			isa = PBXGroup;
			children = (
				3503E87E7CC0FC1387E3D473 /* Pods-QuestionDemo.debug.xcconfig */,
				E35AA9F1FA5B9F288685EB97 /* Pods-QuestionDemo.release.xcconfig */,
			);
			path = Pods;
			sourceTree = "<group>";
		};
/* End PBXGroup section */

/* Begin PBXNativeTarget section */
		06A93E2E23A858A60056C4E1 /* QuestionDemo */ = {
			isa = PBXNativeTarget;
			buildConfigurationList = 06A93E4823A858A70056C4E1 /* Build configuration list for PBXNativeTarget "QuestionDemo" */;
			buildPhases = (
				3A7F413FEB47018CD924B3A4 /* [CP] Check Pods Manifest.lock */,
				06A93E2B23A858A60056C4E1 /* Sources */,
				06A93E2C23A858A60056C4E1 /* Frameworks */,
				06A93E2D23A858A60056C4E1 /* Resources */,
				B405451070E5AD948B97AE76 /* [CP] Embed Pods Frameworks */,
				06A93E6423A8AD0A0056C4E1 /* Integrate Reveal Server */,
			);
			buildRules = (
			);
			dependencies = (
			);
			name = QuestionDemo;
			productName = QuestionDemo;
			productReference = 06A93E2F23A858A60056C4E1 /* QuestionDemo.app */;
			productType = "com.apple.product-type.application";
		};
/* End PBXNativeTarget section */

/* Begin PBXProject section */
		06A93E2723A858A60056C4E1 /* Project object */ = {
			isa = PBXProject;
			attributes = {
				LastUpgradeCheck = 1120;
				ORGANIZATIONNAME = G;
				TargetAttributes = {
					06A93E2E23A858A60056C4E1 = {
						CreatedOnToolsVersion = 11.2.1;
					};
				};
			};
			buildConfigurationList = 06A93E2A23A858A60056C4E1 /* Build configuration list for PBXProject "QuestionDemo" */;
			compatibilityVersion = "Xcode 9.3";
			developmentRegion = en;
			hasScannedForEncodings = 0;
			knownRegions = (
				en,
				Base,
			);
			mainGroup = 06A93E2623A858A60056C4E1;
			productRefGroup = 06A93E3023A858A60056C4E1 /* Products */;
			projectDirPath = "";
			projectRoot = "";
			targets = (
				06A93E2E23A858A60056C4E1 /* QuestionDemo */,
			);
		};
/* End PBXProject section */

/* Begin PBXResourcesBuildPhase section */
		06A93E2D23A858A60056C4E1 /* Resources */ = {
			isa = PBXResourcesBuildPhase;
			buildActionMask = 2147483647;
			files = (
				06A93E4223A858A70056C4E1 /* LaunchScreen.storyboard in Resources */,
				06A93E5023A868240056C4E1 /* 心内科随访问卷模版.json in Resources */,
				06A93E3F23A858A70056C4E1 /* Assets.xcassets in Resources */,
				06A93E5123A868240056C4E1 /* 答案.json in Resources */,
				06A93E4F23A868240056C4E1 /* 问卷json模版定义.txt in Resources */,
			);
			runOnlyForDeploymentPostprocessing = 0;
		};
/* End PBXResourcesBuildPhase section */

/* Begin PBXShellScriptBuildPhase section */
		06A93E6423A8AD0A0056C4E1 /* Integrate Reveal Server */ = {
			isa = PBXShellScriptBuildPhase;
			buildActionMask = 2147483647;
			files = (
			);
			inputFileListPaths = (
			);
			inputPaths = (
			);
			name = "Integrate Reveal Server";
			outputFileListPaths = (
			);
			outputPaths = (
			);
			runOnlyForDeploymentPostprocessing = 0;
			shellPath = /bin/sh;
			shellScript = "REVEAL_APP_PATH=$(mdfind kMDItemCFBundleIdentifier=\"com.ittybittyapps.Reveal2\" | head -n 1)\nBUILD_SCRIPT_PATH=\"${REVEAL_APP_PATH}/Contents/SharedSupport/Scripts/reveal_server_build_phase.sh\"\nif [ \"${REVEAL_APP_PATH}\" -a -e \"${BUILD_SCRIPT_PATH}\" ]; then\n    \"${BUILD_SCRIPT_PATH}\"\nelse\n    echo \"Reveal Server not loaded: Cannot find a compatible Reveal app.\"\nfi\n";
		};
		3A7F413FEB47018CD924B3A4 /* [CP] Check Pods Manifest.lock */ = {
			isa = PBXShellScriptBuildPhase;
			buildActionMask = 2147483647;
			files = (
			);
			inputFileListPaths = (
			);
			inputPaths = (
				"${PODS_PODFILE_DIR_PATH}/Podfile.lock",
				"${PODS_ROOT}/Manifest.lock",
			);
			name = "[CP] Check Pods Manifest.lock";
			outputFileListPaths = (
			);
			outputPaths = (
				"$(DERIVED_FILE_DIR)/Pods-QuestionDemo-checkManifestLockResult.txt",
			);
			runOnlyForDeploymentPostprocessing = 0;
			shellPath = /bin/sh;
			shellScript = "diff \"${PODS_PODFILE_DIR_PATH}/Podfile.lock\" \"${PODS_ROOT}/Manifest.lock\" > /dev/null\nif [ $? != 0 ] ; then\n    # print error to STDERR\n    echo \"error: The sandbox is not in sync with the Podfile.lock. Run 'pod install' or update your CocoaPods installation.\" >&2\n    exit 1\nfi\n# This output is used by Xcode 'outputs' to avoid re-running this script phase.\necho \"SUCCESS\" > \"${SCRIPT_OUTPUT_FILE_0}\"\n";
			showEnvVarsInLog = 0;
		};
		B405451070E5AD948B97AE76 /* [CP] Embed Pods Frameworks */ = {
			isa = PBXShellScriptBuildPhase;
			buildActionMask = 2147483647;
			files = (
			);
			inputFileListPaths = (
				"${PODS_ROOT}/Target Support Files/Pods-QuestionDemo/Pods-QuestionDemo-frameworks-${CONFIGURATION}-input-files.xcfilelist",
			);
			name = "[CP] Embed Pods Frameworks";
			outputFileListPaths = (
				"${PODS_ROOT}/Target Support Files/Pods-QuestionDemo/Pods-QuestionDemo-frameworks-${CONFIGURATION}-output-files.xcfilelist",
			);
			runOnlyForDeploymentPostprocessing = 0;
			shellPath = /bin/sh;
			shellScript = "\"${PODS_ROOT}/Target Support Files/Pods-QuestionDemo/Pods-QuestionDemo-frameworks.sh\"\n";
			showEnvVarsInLog = 0;
		};
/* End PBXShellScriptBuildPhase section */

/* Begin PBXSourcesBuildPhase section */
		06A93E2B23A858A60056C4E1 /* Sources */ = {
			isa = PBXSourcesBuildPhase;
			buildActionMask = 2147483647;
			files = (
				06A93E5A23A89E940056C4E1 /* PageController.m in Sources */,
				0619403023A8B050001DC735 /* QuestionCellNode.m in Sources */,
				06A93E5423A86F930056C4E1 /* Question.m in Sources */,
				06A93E3423A858A60056C4E1 /* AppDelegate.m in Sources */,
				06A93E5D23A8A0230056C4E1 /* QuestionController.m in Sources */,
				06A93E4523A858A70056C4E1 /* main.m in Sources */,
				06A93E5723A8749A0056C4E1 /* Questionnaire.m in Sources */,
			);
			runOnlyForDeploymentPostprocessing = 0;
		};
/* End PBXSourcesBuildPhase section */

/* Begin PBXVariantGroup section */
		06A93E4023A858A70056C4E1 /* LaunchScreen.storyboard */ = {
			isa = PBXVariantGroup;
			children = (
				06A93E4123A858A70056C4E1 /* Base */,
			);
			name = LaunchScreen.storyboard;
			sourceTree = "<group>";
		};
/* End PBXVariantGroup section */

/* Begin XCBuildConfiguration section */
		06A93E4623A858A70056C4E1 /* Debug */ = {
			isa = XCBuildConfiguration;
			buildSettings = {
				ALWAYS_SEARCH_USER_PATHS = NO;
				CLANG_ANALYZER_NONNULL = YES;
				CLANG_ANALYZER_NUMBER_OBJECT_CONVERSION = YES_AGGRESSIVE;
				CLANG_CXX_LANGUAGE_STANDARD = "gnu++14";
				CLANG_CXX_LIBRARY = "libc++";
				CLANG_ENABLE_MODULES = YES;
				CLANG_ENABLE_OBJC_ARC = YES;
				CLANG_ENABLE_OBJC_WEAK = YES;
				CLANG_WARN_BLOCK_CAPTURE_AUTORELEASING = YES;
				CLANG_WARN_BOOL_CONVERSION = YES;
				CLANG_WARN_COMMA = YES;
				CLANG_WARN_CONSTANT_CONVERSION = YES;
				CLANG_WARN_DEPRECATED_OBJC_IMPLEMENTATIONS = YES;
				CLANG_WARN_DIRECT_OBJC_ISA_USAGE = YES_ERROR;
				CLANG_WARN_DOCUMENTATION_COMMENTS = YES;
				CLANG_WARN_EMPTY_BODY = YES;
				CLANG_WARN_ENUM_CONVERSION = YES;
				CLANG_WARN_INFINITE_RECURSION = YES;
				CLANG_WARN_INT_CONVERSION = YES;
				CLANG_WARN_NON_LITERAL_NULL_CONVERSION = YES;
				CLANG_WARN_OBJC_IMPLICIT_RETAIN_SELF = YES;
				CLANG_WARN_OBJC_LITERAL_CONVERSION = YES;
				CLANG_WARN_OBJC_ROOT_CLASS = YES_ERROR;
				CLANG_WARN_RANGE_LOOP_ANALYSIS = YES;
				CLANG_WARN_STRICT_PROTOTYPES = YES;
				CLANG_WARN_SUSPICIOUS_MOVE = YES;
				CLANG_WARN_UNGUARDED_AVAILABILITY = YES_AGGRESSIVE;
				CLANG_WARN_UNREACHABLE_CODE = YES;
				CLANG_WARN__DUPLICATE_METHOD_MATCH = YES;
				COPY_PHASE_STRIP = NO;
				DEBUG_INFORMATION_FORMAT = dwarf;
				ENABLE_STRICT_OBJC_MSGSEND = YES;
				ENABLE_TESTABILITY = YES;
				GCC_C_LANGUAGE_STANDARD = gnu11;
				GCC_DYNAMIC_NO_PIC = NO;
				GCC_NO_COMMON_BLOCKS = YES;
				GCC_OPTIMIZATION_LEVEL = 0;
				GCC_PREPROCESSOR_DEFINITIONS = (
					"DEBUG=1",
					"$(inherited)",
				);
				GCC_WARN_64_TO_32_BIT_CONVERSION = YES;
				GCC_WARN_ABOUT_RETURN_TYPE = YES_ERROR;
				GCC_WARN_UNDECLARED_SELECTOR = YES;
				GCC_WARN_UNINITIALIZED_AUTOS = YES_AGGRESSIVE;
				GCC_WARN_UNUSED_FUNCTION = YES;
				GCC_WARN_UNUSED_VARIABLE = YES;
				IPHONEOS_DEPLOYMENT_TARGET = 9.0;
				MTL_ENABLE_DEBUG_INFO = INCLUDE_SOURCE;
				MTL_FAST_MATH = YES;
				ONLY_ACTIVE_ARCH = YES;
				SDKROOT = iphoneos;
			};
			name = Debug;
		};
		06A93E4723A858A70056C4E1 /* Release */ = {
			isa = XCBuildConfiguration;
			buildSettings = {
				ALWAYS_SEARCH_USER_PATHS = NO;
				CLANG_ANALYZER_NONNULL = YES;
				CLANG_ANALYZER_NUMBER_OBJECT_CONVERSION = YES_AGGRESSIVE;
				CLANG_CXX_LANGUAGE_STANDARD = "gnu++14";
				CLANG_CXX_LIBRARY = "libc++";
				CLANG_ENABLE_MODULES = YES;
				CLANG_ENABLE_OBJC_ARC = YES;
				CLANG_ENABLE_OBJC_WEAK = YES;
				CLANG_WARN_BLOCK_CAPTURE_AUTORELEASING = YES;
				CLANG_WARN_BOOL_CONVERSION = YES;
				CLANG_WARN_COMMA = YES;
				CLANG_WARN_CONSTANT_CONVERSION = YES;
				CLANG_WARN_DEPRECATED_OBJC_IMPLEMENTATIONS = YES;
				CLANG_WARN_DIRECT_OBJC_ISA_USAGE = YES_ERROR;
				CLANG_WARN_DOCUMENTATION_COMMENTS = YES;
				CLANG_WARN_EMPTY_BODY = YES;
				CLANG_WARN_ENUM_CONVERSION = YES;
				CLANG_WARN_INFINITE_RECURSION = YES;
				CLANG_WARN_INT_CONVERSION = YES;
				CLANG_WARN_NON_LITERAL_NULL_CONVERSION = YES;
				CLANG_WARN_OBJC_IMPLICIT_RETAIN_SELF = YES;
				CLANG_WARN_OBJC_LITERAL_CONVERSION = YES;
				CLANG_WARN_OBJC_ROOT_CLASS = YES_ERROR;
				CLANG_WARN_RANGE_LOOP_ANALYSIS = YES;
				CLANG_WARN_STRICT_PROTOTYPES = YES;
				CLANG_WARN_SUSPICIOUS_MOVE = YES;
				CLANG_WARN_UNGUARDED_AVAILABILITY = YES_AGGRESSIVE;
				CLANG_WARN_UNREACHABLE_CODE = YES;
				CLANG_WARN__DUPLICATE_METHOD_MATCH = YES;
				COPY_PHASE_STRIP = NO;
				DEBUG_INFORMATION_FORMAT = "dwarf-with-dsym";
				ENABLE_NS_ASSERTIONS = NO;
				ENABLE_STRICT_OBJC_MSGSEND = YES;
				GCC_C_LANGUAGE_STANDARD = gnu11;
				GCC_NO_COMMON_BLOCKS = YES;
				GCC_WARN_64_TO_32_BIT_CONVERSION = YES;
				GCC_WARN_ABOUT_RETURN_TYPE = YES_ERROR;
				GCC_WARN_UNDECLARED_SELECTOR = YES;
				GCC_WARN_UNINITIALIZED_AUTOS = YES_AGGRESSIVE;
				GCC_WARN_UNUSED_FUNCTION = YES;
				GCC_WARN_UNUSED_VARIABLE = YES;
				IPHONEOS_DEPLOYMENT_TARGET = 9.0;
				MTL_ENABLE_DEBUG_INFO = NO;
				MTL_FAST_MATH = YES;
				SDKROOT = iphoneos;
				VALIDATE_PRODUCT = YES;
			};
			name = Release;
		};
		06A93E4923A858A70056C4E1 /* Debug */ = {
			isa = XCBuildConfiguration;
			baseConfigurationReference = 3503E87E7CC0FC1387E3D473 /* Pods-QuestionDemo.debug.xcconfig */;
			buildSettings = {
				ASSETCATALOG_COMPILER_APPICON_NAME = AppIcon;
				CODE_SIGN_STYLE = Automatic;
				DEVELOPMENT_TEAM = 658Q7J5C89;
				INFOPLIST_FILE = QuestionDemo/Info.plist;
				LD_RUNPATH_SEARCH_PATHS = (
					"$(inherited)",
					"@executable_path/Frameworks",
				);
				PRODUCT_BUNDLE_IDENTIFIER = cn.mangonob.QuestionDemo;
				PRODUCT_NAME = "$(TARGET_NAME)";
				TARGETED_DEVICE_FAMILY = "1,2";
			};
			name = Debug;
		};
		06A93E4A23A858A70056C4E1 /* Release */ = {
			isa = XCBuildConfiguration;
			baseConfigurationReference = E35AA9F1FA5B9F288685EB97 /* Pods-QuestionDemo.release.xcconfig */;
			buildSettings = {
				ASSETCATALOG_COMPILER_APPICON_NAME = AppIcon;
				CODE_SIGN_STYLE = Automatic;
				DEVELOPMENT_TEAM = 658Q7J5C89;
				INFOPLIST_FILE = QuestionDemo/Info.plist;
				LD_RUNPATH_SEARCH_PATHS = (
					"$(inherited)",
					"@executable_path/Frameworks",
				);
				PRODUCT_BUNDLE_IDENTIFIER = cn.mangonob.QuestionDemo;
				PRODUCT_NAME = "$(TARGET_NAME)";
				TARGETED_DEVICE_FAMILY = "1,2";
			};
			name = Release;
		};
/* End XCBuildConfiguration section */

/* Begin XCConfigurationList section */
		06A93E2A23A858A60056C4E1 /* Build configuration list for PBXProject "QuestionDemo" */ = {
			isa = XCConfigurationList;
			buildConfigurations = (
				06A93E4623A858A70056C4E1 /* Debug */,
				06A93E4723A858A70056C4E1 /* Release */,
			);
			defaultConfigurationIsVisible = 0;
			defaultConfigurationName = Release;
		};
		06A93E4823A858A70056C4E1 /* Build configuration list for PBXNativeTarget "QuestionDemo" */ = {
			isa = XCConfigurationList;
			buildConfigurations = (
				06A93E4923A858A70056C4E1 /* Debug */,
				06A93E4A23A858A70056C4E1 /* Release */,
			);
			defaultConfigurationIsVisible = 0;
			defaultConfigurationName = Release;
		};
/* End XCConfigurationList section */
	};
	rootObject = 06A93E2723A858A60056C4E1 /* Project object */;
}
